// !$*UTF8*$!
{
	archiveVersion = 1;
	classes = {
	};
	objectVersion = 50;
	objects = {

/* Begin PBXBuildFile section */
		80D221F82084F96000F671DA /* SwipingController.swift in Sources */ = {isa = PBXBuildFile; fileRef = 80D221F72084F96000F671DA /* SwipingController.swift */; };
		80D221FA208531DC00F671DA /* PageCell.swift in Sources */ = {isa = PBXBuildFile; fileRef = 80D221F9208531DC00F671DA /* PageCell.swift */; };
		80D221FD2085411B00F671DA /* Default-568h@2x.png in Resources */ = {isa = PBXBuildFile; fileRef = 80D221FC2085411B00F671DA /* Default-568h@2x.png */; };
		80D221FF2085493E00F671DA /* Page.swift in Sources */ = {isa = PBXBuildFile; fileRef = 80D221FE2085493E00F671DA /* Page.swift */; };
		80D222012088D26100F671DA /* SwifingController+extension.swift in Sources */ = {isa = PBXBuildFile; fileRef = 80D222002088D26100F671DA /* SwifingController+extension.swift */; };
		80D222032088D36F00F671DA /* SwifingController+UICollectionView.swift in Sources */ = {isa = PBXBuildFile; fileRef = 80D222022088D36F00F671DA /* SwifingController+UICollectionView.swift */; };
		80F64E3F20838DE100C76C17 /* AppDelegate.swift in Sources */ = {isa = PBXBuildFile; fileRef = 80F64E3E20838DE100C76C17 /* AppDelegate.swift */; };
		80F64E4120838DE100C76C17 /* ViewController.swift in Sources */ = {isa = PBXBuildFile; fileRef = 80F64E4020838DE100C76C17 /* ViewController.swift */; };
		80F64E4420838DE100C76C17 /* Main.storyboard in Resources */ = {isa = PBXBuildFile; fileRef = 80F64E4220838DE100C76C17 /* Main.storyboard */; };
		80F64E4620838DE400C76C17 /* Assets.xcassets in Resources */ = {isa = PBXBuildFile; fileRef = 80F64E4520838DE400C76C17 /* Assets.xcassets */; };
		80F64E4920838DE400C76C17 /* LaunchScreen.storyboard in Resources */ = {isa = PBXBuildFile; fileRef = 80F64E4720838DE400C76C17 /* LaunchScreen.storyboard */; };
/* End PBXBuildFile section */

/* Begin PBXFileReference section */
		80D221F72084F96000F671DA /* SwipingController.swift */ = {isa = PBXFileReference; lastKnownFileType = sourcecode.swift; path = SwipingController.swift; sourceTree = "<group>"; };
		80D221F9208531DC00F671DA /* PageCell.swift */ = {isa = PBXFileReference; lastKnownFileType = sourcecode.swift; path = PageCell.swift; sourceTree = "<group>"; };
		80D221FC2085411B00F671DA /* Default-568h@2x.png */ = {isa = PBXFileReference; lastKnownFileType = image.png; path = "Default-568h@2x.png"; sourceTree = "<group>"; };
		80D221FE2085493E00F671DA /* Page.swift */ = {isa = PBXFileReference; lastKnownFileType = sourcecode.swift; path = Page.swift; sourceTree = "<group>"; };
		80D222002088D26100F671DA /* SwifingController+extension.swift */ = {isa = PBXFileReference; lastKnownFileType = sourcecode.swift; path = "SwifingController+extension.swift"; sourceTree = "<group>"; };
		80D222022088D36F00F671DA /* SwifingController+UICollectionView.swift */ = {isa = PBXFileReference; lastKnownFileType = sourcecode.swift; path = "SwifingController+UICollectionView.swift"; sourceTree = "<group>"; };
		80F64E3B20838DE100C76C17 /* RunningAutoLayout.app */ = {isa = PBXFileReference; explicitFileType = wrapper.application; includeInIndex = 0; path = RunningAutoLayout.app; sourceTree = BUILT_PRODUCTS_DIR; };
		80F64E3E20838DE100C76C17 /* AppDelegate.swift */ = {isa = PBXFileReference; lastKnownFileType = sourcecode.swift; path = AppDelegate.swift; sourceTree = "<group>"; };
		80F64E4020838DE100C76C17 /* ViewController.swift */ = {isa = PBXFileReference; lastKnownFileType = sourcecode.swift; path = ViewController.swift; sourceTree = "<group>"; };
		80F64E4320838DE100C76C17 /* Base */ = {isa = PBXFileReference; lastKnownFileType = file.storyboard; name = Base; path = Base.lproj/Main.storyboard; sourceTree = "<group>"; };
		80F64E4520838DE400C76C17 /* Assets.xcassets */ = {isa = PBXFileReference; lastKnownFileType = folder.assetcatalog; path = Assets.xcassets; sourceTree = "<group>"; };
		80F64E4820838DE400C76C17 /* Base */ = {isa = PBXFileReference; lastKnownFileType = file.storyboard; name = Base; path = Base.lproj/LaunchScreen.storyboard; sourceTree = "<group>"; };
		80F64E4A20838DE400C76C17 /* Info.plist */ = {isa = PBXFileReference; lastKnownFileType = text.plist.xml; path = Info.plist; sourceTree = "<group>"; };
/* End PBXFileReference section */

/* Begin PBXFrameworksBuildPhase section */
		80F64E3820838DE100C76C17 /* Frameworks */ = {
			isa = PBXFrameworksBuildPhase;
			buildActionMask = 2147483647;
			files = (
			);
			runOnlyForDeploymentPostprocessing = 0;
		};
/* End PBXFrameworksBuildPhase section */

/* Begin PBXGroup section */
		80F64E3220838DE100C76C17 = {
			isa = PBXGroup;
			children = (
				80D221FC2085411B00F671DA /* Default-568h@2x.png */,
				80F64E3D20838DE100C76C17 /* RunningAutoLayout */,
				80F64E3C20838DE100C76C17 /* Products */,
			);
			sourceTree = "<group>";
		};
		80F64E3C20838DE100C76C17 /* Products */ = {
			isa = PBXGroup;
			children = (
				80F64E3B20838DE100C76C17 /* RunningAutoLayout.app */,
			);
			name = Products;
			sourceTree = "<group>";
		};
		80F64E3D20838DE100C76C17 /* RunningAutoLayout */ = {
			isa = PBXGroup;
			children = (
				80F64E3E20838DE100C76C17 /* AppDelegate.swift */,
				80D222022088D36F00F671DA /* SwifingController+UICollectionView.swift */,
				80D222002088D26100F671DA /* SwifingController+extension.swift */,
				80F64E4020838DE100C76C17 /* ViewController.swift */,
				80F64E4220838DE100C76C17 /* Main.storyboard */,
				80D221F72084F96000F671DA /* SwipingController.swift */,
				80D221F9208531DC00F671DA /* PageCell.swift */,
				80D221FE2085493E00F671DA /* Page.swift */,
				80F64E4720838DE400C76C17 /* LaunchScreen.storyboard */,
				80F64E4A20838DE400C76C17 /* Info.plist */,
				80F64E4520838DE400C76C17 /* Assets.xcassets */,
			);
			path = RunningAutoLayout;
			sourceTree = "<group>";
		};
/* End PBXGroup section */

/* Begin PBXNativeTarget section */
		80F64E3A20838DE100C76C17 /* RunningAutoLayout */ = {
			isa = PBXNativeTarget;
			buildConfigurationList = 80F64E4D20838DE400C76C17 /* Build configuration list for PBXNativeTarget "RunningAutoLayout" */;
			buildPhases = (
				80F64E3720838DE100C76C17 /* Sources */,
				80F64E3820838DE100C76C17 /* Frameworks */,
				80F64E3920838DE100C76C17 /* Resources */,
			);
			buildRules = (
			);
			dependencies = (
			);
			name = RunningAutoLayout;
			productName = RunningAutoLayout;
			productReference = 80F64E3B20838DE100C76C17 /* RunningAutoLayout.app */;
			productType = "com.apple.product-type.application";
		};
/* End PBXNativeTarget section */

/* Begin PBXProject section */
		80F64E3320838DE100C76C17 /* Project object */ = {
			isa = PBXProject;
			attributes = {
				LastSwiftUpdateCheck = 0930;
				LastUpgradeCheck = 0930;
				ORGANIZATIONNAME = TEJ;
				TargetAttributes = {
					80F64E3A20838DE100C76C17 = {
						CreatedOnToolsVersion = 9.3;
					};
				};
			};
			buildConfigurationList = 80F64E3620838DE100C76C17 /* Build configuration list for PBXProject "RunningAutoLayout" */;
			compatibilityVersion = "Xcode 9.3";
			developmentRegion = en;
			hasScannedForEncodings = 0;
			knownRegions = (
				en,
				Base,
			);
			mainGroup = 80F64E3220838DE100C76C17;
			productRefGroup = 80F64E3C20838DE100C76C17 /* Products */;
			projectDirPath = "";
			projectRoot = "";
			targets = (
				80F64E3A20838DE100C76C17 /* RunningAutoLayout */,
			);
		};
/* End PBXProject section */

/* Begin PBXResourcesBuildPhase section */
		80F64E3920838DE100C76C17 /* Resources */ = {
			isa = PBXResourcesBuildPhase;
			buildActionMask = 2147483647;
			files = (
				80F64E4920838DE400C76C17 /* LaunchScreen.storyboard in Resources */,
				80D221FD2085411B00F671DA /* Default-568h@2x.png in Resources */,
				80F64E4620838DE400C76C17 /* Assets.xcassets in Resources */,
				80F64E4420838DE100C76C17 /* Main.storyboard in Resources */,
			);
			runOnlyForDeploymentPostprocessing = 0;
		};
/* End PBXResourcesBuildPhase section */

/* Begin PBXSourcesBuildPhase section */
		80F64E3720838DE100C76C17 /* Sources */ = {
			isa = PBXSourcesBuildPhase;
			buildActionMask = 2147483647;
			files = (
				80D222032088D36F00F671DA /* SwifingController+UICollectionView.swift in Sources */,
				80F64E4120838DE100C76C17 /* ViewController.swift in Sources */,
				80F64E3F20838DE100C76C17 /* AppDelegate.swift in Sources */,
				80D221FA208531DC00F671DA /* PageCell.swift in Sources */,
				80D222012088D26100F671DA /* SwifingController+extension.swift in Sources */,
				80D221F82084F96000F671DA /* SwipingController.swift in Sources */,
				80D221FF2085493E00F671DA /* Page.swift in Sources */,
			);
			runOnlyForDeploymentPostprocessing = 0;
		};
/* End PBXSourcesBuildPhase section */

/* Begin PBXVariantGroup section */
		80F64E4220838DE100C76C17 /* Main.storyboard */ = {
			isa = PBXVariantGroup;
			children = (
				80F64E4320838DE100C76C17 /* Base */,
			);
			name = Main.storyboard;
			sourceTree = "<group>";
		};
		80F64E4720838DE400C76C17 /* LaunchScreen.storyboard */ = {
			isa = PBXVariantGroup;
			children = (
				80F64E4820838DE400C76C17 /* Base */,
			);
			name = LaunchScreen.storyboard;
			sourceTree = "<group>";
		};
/* End PBXVariantGroup section */

/* Begin XCBuildConfiguration section */
		80F64E4B20838DE400C76C17 /* Debug */ = {
			isa = XCBuildConfiguration;
			buildSettings = {
				ALWAYS_SEARCH_USER_PATHS = NO;
				CLANG_ANALYZER_NONNULL = YES;
				CLANG_ANALYZER_NUMBER_OBJECT_CONVERSION = YES_AGGRESSIVE;
				CLANG_CXX_LANGUAGE_STANDARD = "gnu++14";
				CLANG_CXX_LIBRARY = "libc++";
				CLANG_ENABLE_MODULES = YES;
				CLANG_ENABLE_OBJC_ARC = YES;
				CLANG_ENABLE_OBJC_WEAK = YES;
				CLANG_WARN_BLOCK_CAPTURE_AUTORELEASING = YES;
				CLANG_WARN_BOOL_CONVERSION = YES;
				CLANG_WARN_COMMA = YES;
				CLANG_WARN_CONSTANT_CONVERSION = YES;
				CLANG_WARN_DEPRECATED_OBJC_IMPLEMENTATIONS = YES;
				CLANG_WARN_DIRECT_OBJC_ISA_USAGE = YES_ERROR;
				CLANG_WARN_DOCUMENTATION_COMMENTS = YES;
				CLANG_WARN_EMPTY_BODY = YES;
				CLANG_WARN_ENUM_CONVERSION = YES;
				CLANG_WARN_INFINITE_RECURSION = YES;
				CLANG_WARN_INT_CONVERSION = YES;
				CLANG_WARN_NON_LITERAL_NULL_CONVERSION = YES;
				CLANG_WARN_OBJC_IMPLICIT_RETAIN_SELF = YES;
				CLANG_WARN_OBJC_LITERAL_CONVERSION = YES;
				CLANG_WARN_OBJC_ROOT_CLASS = YES_ERROR;
				CLANG_WARN_RANGE_LOOP_ANALYSIS = YES;
				CLANG_WARN_STRICT_PROTOTYPES = YES;
				CLANG_WARN_SUSPICIOUS_MOVE = YES;
				CLANG_WARN_UNGUARDED_AVAILABILITY = YES_AGGRESSIVE;
				CLANG_WARN_UNREACHABLE_CODE = YES;
				CLANG_WARN__DUPLICATE_METHOD_MATCH = YES;
				CODE_SIGN_IDENTITY = "iPhone Developer";
				COPY_PHASE_STRIP = NO;
				DEBUG_INFORMATION_FORMAT = dwarf;
				ENABLE_STRICT_OBJC_MSGSEND = YES;
				ENABLE_TESTABILITY = YES;
				GCC_C_LANGUAGE_STANDARD = gnu11;
				GCC_DYNAMIC_NO_PIC = NO;
				GCC_NO_COMMON_BLOCKS = YES;
				GCC_OPTIMIZATION_LEVEL = 0;
				GCC_PREPROCESSOR_DEFINITIONS = (
					"DEBUG=1",
					"$(inherited)",
				);
				GCC_WARN_64_TO_32_BIT_CONVERSION = YES;
				GCC_WARN_ABOUT_RETURN_TYPE = YES_ERROR;
				GCC_WARN_UNDECLARED_SELECTOR = YES;
				GCC_WARN_UNINITIALIZED_AUTOS = YES_AGGRESSIVE;
				GCC_WARN_UNUSED_FUNCTION = YES;
				GCC_WARN_UNUSED_VARIABLE = YES;
				IPHONEOS_DEPLOYMENT_TARGET = 11.3;
				MTL_ENABLE_DEBUG_INFO = YES;
				ONLY_ACTIVE_ARCH = YES;
				SDKROOT = iphoneos;
				SWIFT_ACTIVE_COMPILATION_CONDITIONS = DEBUG;
				SWIFT_OPTIMIZATION_LEVEL = "-Onone";
			};
			name = Debug;
		};
		80F64E4C20838DE400C76C17 /* Release */ = {
			isa = XCBuildConfiguration;
			buildSettings = {
				ALWAYS_SEARCH_USER_PATHS = NO;
				CLANG_ANALYZER_NONNULL = YES;
				CLANG_ANALYZER_NUMBER_OBJECT_CONVERSION = YES_AGGRESSIVE;
				CLANG_CXX_LANGUAGE_STANDARD = "gnu++14";
				CLANG_CXX_LIBRARY = "libc++";
				CLANG_ENABLE_MODULES = YES;
				CLANG_ENABLE_OBJC_ARC = YES;
				CLANG_ENABLE_OBJC_WEAK = YES;
				CLANG_WARN_BLOCK_CAPTURE_AUTORELEASING = YES;
				CLANG_WARN_BOOL_CONVERSION = YES;
				CLANG_WARN_COMMA = YES;
				CLANG_WARN_CONSTANT_CONVERSION = YES;
				CLANG_WARN_DEPRECATED_OBJC_IMPLEMENTATIONS = YES;
				CLANG_WARN_DIRECT_OBJC_ISA_USAGE = YES_ERROR;
				CLANG_WARN_DOCUMENTATION_COMMENTS = YES;
				CLANG_WARN_EMPTY_BODY = YES;
				CLANG_WARN_ENUM_CONVERSION = YES;
				CLANG_WARN_INFINITE_RECURSION = YES;
				CLANG_WARN_INT_CONVERSION = YES;
				CLANG_WARN_NON_LITERAL_NULL_CONVERSION = YES;
				CLANG_WARN_OBJC_IMPLICIT_RETAIN_SELF = YES;
				CLANG_WARN_OBJC_LITERAL_CONVERSION = YES;
				CLANG_WARN_OBJC_ROOT_CLASS = YES_ERROR;
				CLANG_WARN_RANGE_LOOP_ANALYSIS = YES;
				CLANG_WARN_STRICT_PROTOTYPES = YES;
				CLANG_WARN_SUSPICIOUS_MOVE = YES;
				CLANG_WARN_UNGUARDED_AVAILABILITY = YES_AGGRESSIVE;
				CLANG_WARN_UNREACHABLE_CODE = YES;
				CLANG_WARN__DUPLICATE_METHOD_MATCH = YES;
				CODE_SIGN_IDENTITY = "iPhone Developer";
				COPY_PHASE_STRIP = NO;
				DEBUG_INFORMATION_FORMAT = "dwarf-with-dsym";
				ENABLE_NS_ASSERTIONS = NO;
				ENABLE_STRICT_OBJC_MSGSEND = YES;
				GCC_C_LANGUAGE_STANDARD = gnu11;
				GCC_NO_COMMON_BLOCKS = YES;
				GCC_WARN_64_TO_32_BIT_CONVERSION = YES;
				GCC_WARN_ABOUT_RETURN_TYPE = YES_ERROR;
				GCC_WARN_UNDECLARED_SELECTOR = YES;
				GCC_WARN_UNINITIALIZED_AUTOS = YES_AGGRESSIVE;
				GCC_WARN_UNUSED_FUNCTION = YES;
				GCC_WARN_UNUSED_VARIABLE = YES;
				IPHONEOS_DEPLOYMENT_TARGET = 11.3;
				MTL_ENABLE_DEBUG_INFO = NO;
				SDKROOT = iphoneos;
				SWIFT_COMPILATION_MODE = wholemodule;
				SWIFT_OPTIMIZATION_LEVEL = "-O";
				VALIDATE_PRODUCT = YES;
			};
			name = Release;
		};
		80F64E4E20838DE400C76C17 /* Debug */ = {
			isa = XCBuildConfiguration;
			buildSettings = {
				ASSETCATALOG_COMPILER_APPICON_NAME = AppIcon;
				CODE_SIGN_IDENTITY = "iPhone Developer";
				CODE_SIGN_STYLE = Automatic;
				DEVELOPMENT_TEAM = 4LKM79B7Y6;
				INFOPLIST_FILE = RunningAutoLayout/Info.plist;
				LD_RUNPATH_SEARCH_PATHS = (
					"$(inherited)",
					"@executable_path/Frameworks",
				);
				PRODUCT_BUNDLE_IDENTIFIER = com.tej.HEADPHAZE;
				PRODUCT_NAME = "$(TARGET_NAME)";
				PROVISIONING_PROFILE_SPECIFIER = "";
				SWIFT_VERSION = 4.0;
				TARGETED_DEVICE_FAMILY = 1;
			};
			name = Debug;
		};
		80F64E4F20838DE400C76C17 /* Release */ = {
			isa = XCBuildConfiguration;
			buildSettings = {
				ASSETCATALOG_COMPILER_APPICON_NAME = AppIcon;
				CODE_SIGN_IDENTITY = "iPhone Developer";
				CODE_SIGN_STYLE = Automatic;
				DEVELOPMENT_TEAM = 4LKM79B7Y6;
				INFOPLIST_FILE = RunningAutoLayout/Info.plist;
				LD_RUNPATH_SEARCH_PATHS = (
					"$(inherited)",
					"@executable_path/Frameworks",
				);
				PRODUCT_BUNDLE_IDENTIFIER = com.tej.HEADPHAZE;
				PRODUCT_NAME = "$(TARGET_NAME)";
				PROVISIONING_PROFILE_SPECIFIER = "";
				SWIFT_VERSION = 4.0;
				TARGETED_DEVICE_FAMILY = 1;
			};
			name = Release;
		};
/* End XCBuildConfiguration section */

/* Begin XCConfigurationList section */
		80F64E3620838DE100C76C17 /* Build configuration list for PBXProject "RunningAutoLayout" */ = {
			isa = XCConfigurationList;
			buildConfigurations = (
				80F64E4B20838DE400C76C17 /* Debug */,
				80F64E4C20838DE400C76C17 /* Release */,
			);
			defaultConfigurationIsVisible = 0;
			defaultConfigurationName = Release;
		};
		80F64E4D20838DE400C76C17 /* Build configuration list for PBXNativeTarget "RunningAutoLayout" */ = {
			isa = XCConfigurationList;
			buildConfigurations = (
				80F64E4E20838DE400C76C17 /* Debug */,
				80F64E4F20838DE400C76C17 /* Release */,
			);
			defaultConfigurationIsVisible = 0;
			defaultConfigurationName = Release;
		};
/* End XCConfigurationList section */
	};
	rootObject = 80F64E3320838DE100C76C17 /* Project object */;
}
